{
  "object": {
    "pins": [
      {
        "package": "MSLoadingHUD",
        "repositoryURL": "https://github.com/marcosiino/MSLoadingHUD.git",
        "state": {
          "branch": null,
          "revision": "7348cf4ba4b2bfbf803e3227736d18a75a55ad2f",
          "version": "0.3.1"
        }
      }
    ]
  },
  "version": 1
}
