{
  "object": {
    "pins": [
      {
        "package": "MSLoadingHUD",
        "repositoryURL": "https://github.com/marcosiino/MSLoadingHUD.git",
        "state": {
          "branch": null,
          "revision": "150c3cbf305b914d250bc2a8059b7a1603b08b6c",
          "version": "0.3.0"
        }
      }
    ]
  },
  "version": 1
}
